
Microsoft Visual Studio Solution File, Format Version 12.00
# Visual Studio Version 17
VisualStudioVersion = 17.7.34003.232
MinimumVisualStudioVersion = 10.0.40219.1
Project("{FAE04EC0-301F-11D3-BF4B-00C04F79EFBC}") = "AvaloniaNavigationDemo", "AvaloniaNavigationDemo\AvaloniaNavigationDemo.csproj", "{B57FE9C2-2CA3-4E5E-959E-DD893DB5F808}"
EndProject
Global
	GlobalSection(SolutionConfigurationPlatforms) = preSolution
		Debug|Any CPU = Debug|Any CPU
		Release|Any CPU = Release|Any CPU
	EndGlobalSection
	GlobalSection(ProjectConfigurationPlatforms) = postSolution
		{B57FE9C2-2CA3-4E5E-959E-DD893DB5F808}.Debug|Any CPU.ActiveCfg = Debug|Any CPU
		{B57FE9C2-2CA3-4E5E-959E-DD893DB5F808}.Debug|Any CPU.Build.0 = Debug|Any CPU
		{B57FE9C2-2CA3-4E5E-959E-DD893DB5F808}.Release|Any CPU.ActiveCfg = Release|Any CPU
		{B57FE9C2-2CA3-4E5E-959E-DD893DB5F808}.Release|Any CPU.Build.0 = Release|Any CPU
	EndGlobalSection
	GlobalSection(SolutionProperties) = preSolution
		HideSolutionNode = FALSE
	EndGlobalSection
	GlobalSection(ExtensibilityGlobals) = postSolution
		SolutionGuid = {A7D47190-3EED-4A8A-A33F-EAB0C5BE2832}
	EndGlobalSection
EndGlobal
